// !$*UTF8*$!
{
	archiveVersion = 1;
	classes = {
	};
	objectVersion = 50;
	objects = {

/* Begin PBXBuildFile section */
		494A8089FCEE816264F0D438 /* libPods-WSGShareBoard.a in Frameworks */ = {isa = PBXBuildFile; fileRef = 76ACF533A6A0FB398660456F /* libPods-WSGShareBoard.a */; };
		54C48E512445A9C700774943 /* AppDelegate.m in Sources */ = {isa = PBXBuildFile; fileRef = 54C48E502445A9C700774943 /* AppDelegate.m */; };
		54C48E572445A9C700774943 /* ViewController.m in Sources */ = {isa = PBXBuildFile; fileRef = 54C48E562445A9C700774943 /* ViewController.m */; };
		54C48E5A2445A9C700774943 /* Main.storyboard in Resources */ = {isa = PBXBuildFile; fileRef = 54C48E582445A9C700774943 /* Main.storyboard */; };
		54C48E5C2445A9CB00774943 /* Assets.xcassets in Resources */ = {isa = PBXBuildFile; fileRef = 54C48E5B2445A9CB00774943 /* Assets.xcassets */; };
		54C48E5F2445A9CB00774943 /* LaunchScreen.storyboard in Resources */ = {isa = PBXBuildFile; fileRef = 54C48E5D2445A9CB00774943 /* LaunchScreen.storyboard */; };
		54C48E622445A9CB00774943 /* main.m in Sources */ = {isa = PBXBuildFile; fileRef = 54C48E612445A9CB00774943 /* main.m */; };
		54C48E6C2445A9CB00774943 /* WSGShareBoardTests.m in Sources */ = {isa = PBXBuildFile; fileRef = 54C48E6B2445A9CB00774943 /* WSGShareBoardTests.m */; };
		54C48E772445A9CB00774943 /* WSGShareBoardUITests.m in Sources */ = {isa = PBXBuildFile; fileRef = 54C48E762445A9CB00774943 /* WSGShareBoardUITests.m */; };
		54C48E8A2445ABF600774943 /* ShareView.m in Sources */ = {isa = PBXBuildFile; fileRef = 54C48E862445ABF600774943 /* ShareView.m */; };
		54C48E8B2445ABF600774943 /* ShareImageWithLabel.m in Sources */ = {isa = PBXBuildFile; fileRef = 54C48E882445ABF600774943 /* ShareImageWithLabel.m */; };
/* End PBXBuildFile section */

/* Begin PBXContainerItemProxy section */
		54C48E682445A9CB00774943 /* PBXContainerItemProxy */ = {
			isa = PBXContainerItemProxy;
			containerPortal = 54C48E442445A9C700774943 /* Project object */;
			proxyType = 1;
			remoteGlobalIDString = 54C48E4B2445A9C700774943;
			remoteInfo = WSGShareBoard;
		};
		54C48E732445A9CB00774943 /* PBXContainerItemProxy */ = {
			isa = PBXContainerItemProxy;
			containerPortal = 54C48E442445A9C700774943 /* Project object */;
			proxyType = 1;
			remoteGlobalIDString = 54C48E4B2445A9C700774943;
			remoteInfo = WSGShareBoard;
		};
/* End PBXContainerItemProxy section */

/* Begin PBXFileReference section */
		1FA00298A09448DAA05C237C /* Pods-WSGShareBoard.debug.xcconfig */ = {isa = PBXFileReference; includeInIndex = 1; lastKnownFileType = text.xcconfig; name = "Pods-WSGShareBoard.debug.xcconfig"; path = "Target Support Files/Pods-WSGShareBoard/Pods-WSGShareBoard.debug.xcconfig"; sourceTree = "<group>"; };
		3E14077B07D3536A0028F617 /* Pods-WSGShareBoard.release.xcconfig */ = {isa = PBXFileReference; includeInIndex = 1; lastKnownFileType = text.xcconfig; name = "Pods-WSGShareBoard.release.xcconfig"; path = "Target Support Files/Pods-WSGShareBoard/Pods-WSGShareBoard.release.xcconfig"; sourceTree = "<group>"; };
		54C48E4C2445A9C700774943 /* WSGShareBoard.app */ = {isa = PBXFileReference; explicitFileType = wrapper.application; includeInIndex = 0; path = WSGShareBoard.app; sourceTree = BUILT_PRODUCTS_DIR; };
		54C48E4F2445A9C700774943 /* AppDelegate.h */ = {isa = PBXFileReference; lastKnownFileType = sourcecode.c.h; path = AppDelegate.h; sourceTree = "<group>"; };
		54C48E502445A9C700774943 /* AppDelegate.m */ = {isa = PBXFileReference; lastKnownFileType = sourcecode.c.objc; path = AppDelegate.m; sourceTree = "<group>"; };
		54C48E552445A9C700774943 /* ViewController.h */ = {isa = PBXFileReference; lastKnownFileType = sourcecode.c.h; path = ViewController.h; sourceTree = "<group>"; };
		54C48E562445A9C700774943 /* ViewController.m */ = {isa = PBXFileReference; lastKnownFileType = sourcecode.c.objc; path = ViewController.m; sourceTree = "<group>"; };
		54C48E592445A9C700774943 /* Base */ = {isa = PBXFileReference; lastKnownFileType = file.storyboard; name = Base; path = Base.lproj/Main.storyboard; sourceTree = "<group>"; };
		54C48E5B2445A9CB00774943 /* Assets.xcassets */ = {isa = PBXFileReference; lastKnownFileType = folder.assetcatalog; path = Assets.xcassets; sourceTree = "<group>"; };
		54C48E5E2445A9CB00774943 /* Base */ = {isa = PBXFileReference; lastKnownFileType = file.storyboard; name = Base; path = Base.lproj/LaunchScreen.storyboard; sourceTree = "<group>"; };
		54C48E602445A9CB00774943 /* Info.plist */ = {isa = PBXFileReference; lastKnownFileType = text.plist.xml; path = Info.plist; sourceTree = "<group>"; };
		54C48E612445A9CB00774943 /* main.m */ = {isa = PBXFileReference; lastKnownFileType = sourcecode.c.objc; path = main.m; sourceTree = "<group>"; };
		54C48E672445A9CB00774943 /* WSGShareBoardTests.xctest */ = {isa = PBXFileReference; explicitFileType = wrapper.cfbundle; includeInIndex = 0; path = WSGShareBoardTests.xctest; sourceTree = BUILT_PRODUCTS_DIR; };
		54C48E6B2445A9CB00774943 /* WSGShareBoardTests.m */ = {isa = PBXFileReference; lastKnownFileType = sourcecode.c.objc; path = WSGShareBoardTests.m; sourceTree = "<group>"; };
		54C48E6D2445A9CB00774943 /* Info.plist */ = {isa = PBXFileReference; lastKnownFileType = text.plist.xml; path = Info.plist; sourceTree = "<group>"; };
		54C48E722445A9CB00774943 /* WSGShareBoardUITests.xctest */ = {isa = PBXFileReference; explicitFileType = wrapper.cfbundle; includeInIndex = 0; path = WSGShareBoardUITests.xctest; sourceTree = BUILT_PRODUCTS_DIR; };
		54C48E762445A9CB00774943 /* WSGShareBoardUITests.m */ = {isa = PBXFileReference; lastKnownFileType = sourcecode.c.objc; path = WSGShareBoardUITests.m; sourceTree = "<group>"; };
		54C48E782445A9CB00774943 /* Info.plist */ = {isa = PBXFileReference; lastKnownFileType = text.plist.xml; path = Info.plist; sourceTree = "<group>"; };
		54C48E862445ABF600774943 /* ShareView.m */ = {isa = PBXFileReference; fileEncoding = 4; lastKnownFileType = sourcecode.c.objc; path = ShareView.m; sourceTree = "<group>"; };
		54C48E872445ABF600774943 /* ShareView.h */ = {isa = PBXFileReference; fileEncoding = 4; lastKnownFileType = sourcecode.c.h; path = ShareView.h; sourceTree = "<group>"; };
		54C48E882445ABF600774943 /* ShareImageWithLabel.m */ = {isa = PBXFileReference; fileEncoding = 4; lastKnownFileType = sourcecode.c.objc; path = ShareImageWithLabel.m; sourceTree = "<group>"; };
		54C48E892445ABF600774943 /* ShareImageWithLabel.h */ = {isa = PBXFileReference; fileEncoding = 4; lastKnownFileType = sourcecode.c.h; path = ShareImageWithLabel.h; sourceTree = "<group>"; };
		76ACF533A6A0FB398660456F /* libPods-WSGShareBoard.a */ = {isa = PBXFileReference; explicitFileType = archive.ar; includeInIndex = 0; path = "libPods-WSGShareBoard.a"; sourceTree = BUILT_PRODUCTS_DIR; };
/* End PBXFileReference section */

/* Begin PBXFrameworksBuildPhase section */
		54C48E492445A9C700774943 /* Frameworks */ = {
			isa = PBXFrameworksBuildPhase;
			buildActionMask = 2147483647;
			files = (
				494A8089FCEE816264F0D438 /* libPods-WSGShareBoard.a in Frameworks */,
			);
			runOnlyForDeploymentPostprocessing = 0;
		};
		54C48E642445A9CB00774943 /* Frameworks */ = {
			isa = PBXFrameworksBuildPhase;
			buildActionMask = 2147483647;
			files = (
			);
			runOnlyForDeploymentPostprocessing = 0;
		};
		54C48E6F2445A9CB00774943 /* Frameworks */ = {
			isa = PBXFrameworksBuildPhase;
			buildActionMask = 2147483647;
			files = (
			);
			runOnlyForDeploymentPostprocessing = 0;
		};
/* End PBXFrameworksBuildPhase section */

/* Begin PBXGroup section */
		2196E3BCC84D8BEA6081E30B /* Pods */ = {
			isa = PBXGroup;
			children = (
				1FA00298A09448DAA05C237C /* Pods-WSGShareBoard.debug.xcconfig */,
				3E14077B07D3536A0028F617 /* Pods-WSGShareBoard.release.xcconfig */,
			);
			path = Pods;
			sourceTree = "<group>";
		};
		54C48E432445A9C700774943 = {
			isa = PBXGroup;
			children = (
				54C48E4E2445A9C700774943 /* WSGShareBoard */,
				54C48E6A2445A9CB00774943 /* WSGShareBoardTests */,
				54C48E752445A9CB00774943 /* WSGShareBoardUITests */,
				54C48E4D2445A9C700774943 /* Products */,
				2196E3BCC84D8BEA6081E30B /* Pods */,
				DEED9A2084B075921231C3D7 /* Frameworks */,
			);
			sourceTree = "<group>";
		};
		54C48E4D2445A9C700774943 /* Products */ = {
			isa = PBXGroup;
			children = (
				54C48E4C2445A9C700774943 /* WSGShareBoard.app */,
				54C48E672445A9CB00774943 /* WSGShareBoardTests.xctest */,
				54C48E722445A9CB00774943 /* WSGShareBoardUITests.xctest */,
			);
			name = Products;
			sourceTree = "<group>";
		};
		54C48E4E2445A9C700774943 /* WSGShareBoard */ = {
			isa = PBXGroup;
			children = (
				54C48E842445AB1200774943 /* Share */,
				54C48E4F2445A9C700774943 /* AppDelegate.h */,
				54C48E502445A9C700774943 /* AppDelegate.m */,
				54C48E552445A9C700774943 /* ViewController.h */,
				54C48E562445A9C700774943 /* ViewController.m */,
				54C48E582445A9C700774943 /* Main.storyboard */,
				54C48E5B2445A9CB00774943 /* Assets.xcassets */,
				54C48E5D2445A9CB00774943 /* LaunchScreen.storyboard */,
				54C48E602445A9CB00774943 /* Info.plist */,
				54C48E612445A9CB00774943 /* main.m */,
			);
			path = WSGShareBoard;
			sourceTree = "<group>";
		};
		54C48E6A2445A9CB00774943 /* WSGShareBoardTests */ = {
			isa = PBXGroup;
			children = (
				54C48E6B2445A9CB00774943 /* WSGShareBoardTests.m */,
				54C48E6D2445A9CB00774943 /* Info.plist */,
			);
			path = WSGShareBoardTests;
			sourceTree = "<group>";
		};
		54C48E752445A9CB00774943 /* WSGShareBoardUITests */ = {
			isa = PBXGroup;
			children = (
				54C48E762445A9CB00774943 /* WSGShareBoardUITests.m */,
				54C48E782445A9CB00774943 /* Info.plist */,
			);
			path = WSGShareBoardUITests;
			sourceTree = "<group>";
		};
		54C48E842445AB1200774943 /* Share */ = {
			isa = PBXGroup;
			children = (
				54C48E892445ABF600774943 /* ShareImageWithLabel.h */,
				54C48E882445ABF600774943 /* ShareImageWithLabel.m */,
				54C48E872445ABF600774943 /* ShareView.h */,
				54C48E862445ABF600774943 /* ShareView.m */,
			);
			path = Share;
			sourceTree = "<group>";
		};
		DEED9A2084B075921231C3D7 /* Frameworks */ = {
			isa = PBXGroup;
			children = (
				76ACF533A6A0FB398660456F /* libPods-WSGShareBoard.a */,
			);
			name = Frameworks;
			sourceTree = "<group>";
		};
/* End PBXGroup section */

/* Begin PBXNativeTarget section */
		54C48E4B2445A9C700774943 /* WSGShareBoard */ = {
			isa = PBXNativeTarget;
			buildConfigurationList = 54C48E7B2445A9CB00774943 /* Build configuration list for PBXNativeTarget "WSGShareBoard" */;
			buildPhases = (
				3DB01709ECA1F490A790CFA8 /* [CP] Check Pods Manifest.lock */,
				54C48E482445A9C700774943 /* Sources */,
				54C48E492445A9C700774943 /* Frameworks */,
				54C48E4A2445A9C700774943 /* Resources */,
			);
			buildRules = (
			);
			dependencies = (
			);
			name = WSGShareBoard;
			productName = WSGShareBoard;
			productReference = 54C48E4C2445A9C700774943 /* WSGShareBoard.app */;
			productType = "com.apple.product-type.application";
		};
		54C48E662445A9CB00774943 /* WSGShareBoardTests */ = {
			isa = PBXNativeTarget;
			buildConfigurationList = 54C48E7E2445A9CB00774943 /* Build configuration list for PBXNativeTarget "WSGShareBoardTests" */;
			buildPhases = (
				54C48E632445A9CB00774943 /* Sources */,
				54C48E642445A9CB00774943 /* Frameworks */,
				54C48E652445A9CB00774943 /* Resources */,
			);
			buildRules = (
			);
			dependencies = (
				54C48E692445A9CB00774943 /* PBXTargetDependency */,
			);
			name = WSGShareBoardTests;
			productName = WSGShareBoardTests;
			productReference = 54C48E672445A9CB00774943 /* WSGShareBoardTests.xctest */;
			productType = "com.apple.product-type.bundle.unit-test";
		};
		54C48E712445A9CB00774943 /* WSGShareBoardUITests */ = {
			isa = PBXNativeTarget;
			buildConfigurationList = 54C48E812445A9CB00774943 /* Build configuration list for PBXNativeTarget "WSGShareBoardUITests" */;
			buildPhases = (
				54C48E6E2445A9CB00774943 /* Sources */,
				54C48E6F2445A9CB00774943 /* Frameworks */,
				54C48E702445A9CB00774943 /* Resources */,
			);
			buildRules = (
			);
			dependencies = (
				54C48E742445A9CB00774943 /* PBXTargetDependency */,
			);
			name = WSGShareBoardUITests;
			productName = WSGShareBoardUITests;
			productReference = 54C48E722445A9CB00774943 /* WSGShareBoardUITests.xctest */;
			productType = "com.apple.product-type.bundle.ui-testing";
		};
/* End PBXNativeTarget section */

/* Begin PBXProject section */
		54C48E442445A9C700774943 /* Project object */ = {
			isa = PBXProject;
			attributes = {
				LastUpgradeCheck = 1130;
				ORGANIZATIONNAME = "王双贵";
				TargetAttributes = {
					54C48E4B2445A9C700774943 = {
						CreatedOnToolsVersion = 11.3.1;
					};
					54C48E662445A9CB00774943 = {
						CreatedOnToolsVersion = 11.3.1;
						TestTargetID = 54C48E4B2445A9C700774943;
					};
					54C48E712445A9CB00774943 = {
						CreatedOnToolsVersion = 11.3.1;
						TestTargetID = 54C48E4B2445A9C700774943;
					};
				};
			};
			buildConfigurationList = 54C48E472445A9C700774943 /* Build configuration list for PBXProject "WSGShareBoard" */;
			compatibilityVersion = "Xcode 9.3";
			developmentRegion = en;
			hasScannedForEncodings = 0;
			knownRegions = (
				en,
				Base,
			);
			mainGroup = 54C48E432445A9C700774943;
			productRefGroup = 54C48E4D2445A9C700774943 /* Products */;
			projectDirPath = "";
			projectRoot = "";
			targets = (
				54C48E4B2445A9C700774943 /* WSGShareBoard */,
				54C48E662445A9CB00774943 /* WSGShareBoardTests */,
				54C48E712445A9CB00774943 /* WSGShareBoardUITests */,
			);
		};
/* End PBXProject section */

/* Begin PBXResourcesBuildPhase section */
		54C48E4A2445A9C700774943 /* Resources */ = {
			isa = PBXResourcesBuildPhase;
			buildActionMask = 2147483647;
			files = (
				54C48E5F2445A9CB00774943 /* LaunchScreen.storyboard in Resources */,
				54C48E5C2445A9CB00774943 /* Assets.xcassets in Resources */,
				54C48E5A2445A9C700774943 /* Main.storyboard in Resources */,
			);
			runOnlyForDeploymentPostprocessing = 0;
		};
		54C48E652445A9CB00774943 /* Resources */ = {
			isa = PBXResourcesBuildPhase;
			buildActionMask = 2147483647;
			files = (
			);
			runOnlyForDeploymentPostprocessing = 0;
		};
		54C48E702445A9CB00774943 /* Resources */ = {
			isa = PBXResourcesBuildPhase;
			buildActionMask = 2147483647;
			files = (
			);
			runOnlyForDeploymentPostprocessing = 0;
		};
/* End PBXResourcesBuildPhase section */

/* Begin PBXShellScriptBuildPhase section */
		3DB01709ECA1F490A790CFA8 /* [CP] Check Pods Manifest.lock */ = {
			isa = PBXShellScriptBuildPhase;
			buildActionMask = 2147483647;
			files = (
			);
			inputFileListPaths = (
			);
			inputPaths = (
				"${PODS_PODFILE_DIR_PATH}/Podfile.lock",
				"${PODS_ROOT}/Manifest.lock",
			);
			name = "[CP] Check Pods Manifest.lock";
			outputFileListPaths = (
			);
			outputPaths = (
				"$(DERIVED_FILE_DIR)/Pods-WSGShareBoard-checkManifestLockResult.txt",
			);
			runOnlyForDeploymentPostprocessing = 0;
			shellPath = /bin/sh;
			shellScript = "diff \"${PODS_PODFILE_DIR_PATH}/Podfile.lock\" \"${PODS_ROOT}/Manifest.lock\" > /dev/null\nif [ $? != 0 ] ; then\n    # print error to STDERR\n    echo \"error: The sandbox is not in sync with the Podfile.lock. Run 'pod install' or update your CocoaPods installation.\" >&2\n    exit 1\nfi\n# This output is used by Xcode 'outputs' to avoid re-running this script phase.\necho \"SUCCESS\" > \"${SCRIPT_OUTPUT_FILE_0}\"\n";
			showEnvVarsInLog = 0;
		};
/* End PBXShellScriptBuildPhase section */

/* Begin PBXSourcesBuildPhase section */
		54C48E482445A9C700774943 /* Sources */ = {
			isa = PBXSourcesBuildPhase;
			buildActionMask = 2147483647;
			files = (
				54C48E572445A9C700774943 /* ViewController.m in Sources */,
				54C48E8B2445ABF600774943 /* ShareImageWithLabel.m in Sources */,
				54C48E512445A9C700774943 /* AppDelegate.m in Sources */,
				54C48E8A2445ABF600774943 /* ShareView.m in Sources */,
				54C48E622445A9CB00774943 /* main.m in Sources */,
			);
			runOnlyForDeploymentPostprocessing = 0;
		};
		54C48E632445A9CB00774943 /* Sources */ = {
			isa = PBXSourcesBuildPhase;
			buildActionMask = 2147483647;
			files = (
				54C48E6C2445A9CB00774943 /* WSGShareBoardTests.m in Sources */,
			);
			runOnlyForDeploymentPostprocessing = 0;
		};
		54C48E6E2445A9CB00774943 /* Sources */ = {
			isa = PBXSourcesBuildPhase;
			buildActionMask = 2147483647;
			files = (
				54C48E772445A9CB00774943 /* WSGShareBoardUITests.m in Sources */,
			);
			runOnlyForDeploymentPostprocessing = 0;
		};
/* End PBXSourcesBuildPhase section */

/* Begin PBXTargetDependency section */
		54C48E692445A9CB00774943 /* PBXTargetDependency */ = {
			isa = PBXTargetDependency;
			target = 54C48E4B2445A9C700774943 /* WSGShareBoard */;
			targetProxy = 54C48E682445A9CB00774943 /* PBXContainerItemProxy */;
		};
		54C48E742445A9CB00774943 /* PBXTargetDependency */ = {
			isa = PBXTargetDependency;
			target = 54C48E4B2445A9C700774943 /* WSGShareBoard */;
			targetProxy = 54C48E732445A9CB00774943 /* PBXContainerItemProxy */;
		};
/* End PBXTargetDependency section */

/* Begin PBXVariantGroup section */
		54C48E582445A9C700774943 /* Main.storyboard */ = {
			isa = PBXVariantGroup;
			children = (
				54C48E592445A9C700774943 /* Base */,
			);
			name = Main.storyboard;
			sourceTree = "<group>";
		};
		54C48E5D2445A9CB00774943 /* LaunchScreen.storyboard */ = {
			isa = PBXVariantGroup;
			children = (
				54C48E5E2445A9CB00774943 /* Base */,
			);
			name = LaunchScreen.storyboard;
			sourceTree = "<group>";
		};
/* End PBXVariantGroup section */

/* Begin XCBuildConfiguration section */
		54C48E792445A9CB00774943 /* Debug */ = {
			isa = XCBuildConfiguration;
			buildSettings = {
				ALWAYS_SEARCH_USER_PATHS = NO;
				CLANG_ANALYZER_NONNULL = YES;
				CLANG_ANALYZER_NUMBER_OBJECT_CONVERSION = YES_AGGRESSIVE;
				CLANG_CXX_LANGUAGE_STANDARD = "gnu++14";
				CLANG_CXX_LIBRARY = "libc++";
				CLANG_ENABLE_MODULES = YES;
				CLANG_ENABLE_OBJC_ARC = YES;
				CLANG_ENABLE_OBJC_WEAK = YES;
				CLANG_WARN_BLOCK_CAPTURE_AUTORELEASING = YES;
				CLANG_WARN_BOOL_CONVERSION = YES;
				CLANG_WARN_COMMA = YES;
				CLANG_WARN_CONSTANT_CONVERSION = YES;
				CLANG_WARN_DEPRECATED_OBJC_IMPLEMENTATIONS = YES;
				CLANG_WARN_DIRECT_OBJC_ISA_USAGE = YES_ERROR;
				CLANG_WARN_DOCUMENTATION_COMMENTS = YES;
				CLANG_WARN_EMPTY_BODY = YES;
				CLANG_WARN_ENUM_CONVERSION = YES;
				CLANG_WARN_INFINITE_RECURSION = YES;
				CLANG_WARN_INT_CONVERSION = YES;
				CLANG_WARN_NON_LITERAL_NULL_CONVERSION = YES;
				CLANG_WARN_OBJC_IMPLICIT_RETAIN_SELF = YES;
				CLANG_WARN_OBJC_LITERAL_CONVERSION = YES;
				CLANG_WARN_OBJC_ROOT_CLASS = YES_ERROR;
				CLANG_WARN_RANGE_LOOP_ANALYSIS = YES;
				CLANG_WARN_STRICT_PROTOTYPES = YES;
				CLANG_WARN_SUSPICIOUS_MOVE = YES;
				CLANG_WARN_UNGUARDED_AVAILABILITY = YES_AGGRESSIVE;
				CLANG_WARN_UNREACHABLE_CODE = YES;
				CLANG_WARN__DUPLICATE_METHOD_MATCH = YES;
				COPY_PHASE_STRIP = NO;
				DEBUG_INFORMATION_FORMAT = dwarf;
				ENABLE_STRICT_OBJC_MSGSEND = YES;
				ENABLE_TESTABILITY = YES;
				GCC_C_LANGUAGE_STANDARD = gnu11;
				GCC_DYNAMIC_NO_PIC = NO;
				GCC_NO_COMMON_BLOCKS = YES;
				GCC_OPTIMIZATION_LEVEL = 0;
				GCC_PREPROCESSOR_DEFINITIONS = (
					"DEBUG=1",
					"$(inherited)",
				);
				GCC_WARN_64_TO_32_BIT_CONVERSION = YES;
				GCC_WARN_ABOUT_RETURN_TYPE = YES_ERROR;
				GCC_WARN_UNDECLARED_SELECTOR = YES;
				GCC_WARN_UNINITIALIZED_AUTOS = YES_AGGRESSIVE;
				GCC_WARN_UNUSED_FUNCTION = YES;
				GCC_WARN_UNUSED_VARIABLE = YES;
				IPHONEOS_DEPLOYMENT_TARGET = 9.0;
				MTL_ENABLE_DEBUG_INFO = INCLUDE_SOURCE;
				MTL_FAST_MATH = YES;
				ONLY_ACTIVE_ARCH = YES;
				SDKROOT = iphoneos;
			};
			name = Debug;
		};
		54C48E7A2445A9CB00774943 /* Release */ = {
			isa = XCBuildConfiguration;
			buildSettings = {
				ALWAYS_SEARCH_USER_PATHS = NO;
				CLANG_ANALYZER_NONNULL = YES;
				CLANG_ANALYZER_NUMBER_OBJECT_CONVERSION = YES_AGGRESSIVE;
				CLANG_CXX_LANGUAGE_STANDARD = "gnu++14";
				CLANG_CXX_LIBRARY = "libc++";
				CLANG_ENABLE_MODULES = YES;
				CLANG_ENABLE_OBJC_ARC = YES;
				CLANG_ENABLE_OBJC_WEAK = YES;
				CLANG_WARN_BLOCK_CAPTURE_AUTORELEASING = YES;
				CLANG_WARN_BOOL_CONVERSION = YES;
				CLANG_WARN_COMMA = YES;
				CLANG_WARN_CONSTANT_CONVERSION = YES;
				CLANG_WARN_DEPRECATED_OBJC_IMPLEMENTATIONS = YES;
				CLANG_WARN_DIRECT_OBJC_ISA_USAGE = YES_ERROR;
				CLANG_WARN_DOCUMENTATION_COMMENTS = YES;
				CLANG_WARN_EMPTY_BODY = YES;
				CLANG_WARN_ENUM_CONVERSION = YES;
				CLANG_WARN_INFINITE_RECURSION = YES;
				CLANG_WARN_INT_CONVERSION = YES;
				CLANG_WARN_NON_LITERAL_NULL_CONVERSION = YES;
				CLANG_WARN_OBJC_IMPLICIT_RETAIN_SELF = YES;
				CLANG_WARN_OBJC_LITERAL_CONVERSION = YES;
				CLANG_WARN_OBJC_ROOT_CLASS = YES_ERROR;
				CLANG_WARN_RANGE_LOOP_ANALYSIS = YES;
				CLANG_WARN_STRICT_PROTOTYPES = YES;
				CLANG_WARN_SUSPICIOUS_MOVE = YES;
				CLANG_WARN_UNGUARDED_AVAILABILITY = YES_AGGRESSIVE;
				CLANG_WARN_UNREACHABLE_CODE = YES;
				CLANG_WARN__DUPLICATE_METHOD_MATCH = YES;
				COPY_PHASE_STRIP = NO;
				DEBUG_INFORMATION_FORMAT = "dwarf-with-dsym";
				ENABLE_NS_ASSERTIONS = NO;
				ENABLE_STRICT_OBJC_MSGSEND = YES;
				GCC_C_LANGUAGE_STANDARD = gnu11;
				GCC_NO_COMMON_BLOCKS = YES;
				GCC_WARN_64_TO_32_BIT_CONVERSION = YES;
				GCC_WARN_ABOUT_RETURN_TYPE = YES_ERROR;
				GCC_WARN_UNDECLARED_SELECTOR = YES;
				GCC_WARN_UNINITIALIZED_AUTOS = YES_AGGRESSIVE;
				GCC_WARN_UNUSED_FUNCTION = YES;
				GCC_WARN_UNUSED_VARIABLE = YES;
				IPHONEOS_DEPLOYMENT_TARGET = 9.0;
				MTL_ENABLE_DEBUG_INFO = NO;
				MTL_FAST_MATH = YES;
				SDKROOT = iphoneos;
				VALIDATE_PRODUCT = YES;
			};
			name = Release;
		};
		54C48E7C2445A9CB00774943 /* Debug */ = {
			isa = XCBuildConfiguration;
			baseConfigurationReference = 1FA00298A09448DAA05C237C /* Pods-WSGShareBoard.debug.xcconfig */;
			buildSettings = {
				ASSETCATALOG_COMPILER_APPICON_NAME = AppIcon;
				CODE_SIGN_STYLE = Automatic;
				INFOPLIST_FILE = WSGShareBoard/Info.plist;
				LD_RUNPATH_SEARCH_PATHS = (
					"$(inherited)",
					"@executable_path/Frameworks",
				);
				PRODUCT_BUNDLE_IDENTIFIER = com.wsg.demo.WSGShareBoard;
				PRODUCT_NAME = "$(TARGET_NAME)";
				TARGETED_DEVICE_FAMILY = "1,2";
			};
			name = Debug;
		};
		54C48E7D2445A9CB00774943 /* Release */ = {
			isa = XCBuildConfiguration;
			baseConfigurationReference = 3E14077B07D3536A0028F617 /* Pods-WSGShareBoard.release.xcconfig */;
			buildSettings = {
				ASSETCATALOG_COMPILER_APPICON_NAME = AppIcon;
				CODE_SIGN_STYLE = Automatic;
				INFOPLIST_FILE = WSGShareBoard/Info.plist;
				LD_RUNPATH_SEARCH_PATHS = (
					"$(inherited)",
					"@executable_path/Frameworks",
				);
				PRODUCT_BUNDLE_IDENTIFIER = com.wsg.demo.WSGShareBoard;
				PRODUCT_NAME = "$(TARGET_NAME)";
				TARGETED_DEVICE_FAMILY = "1,2";
			};
			name = Release;
		};
		54C48E7F2445A9CB00774943 /* Debug */ = {
			isa = XCBuildConfiguration;
			buildSettings = {
				BUNDLE_LOADER = "$(TEST_HOST)";
				CODE_SIGN_STYLE = Automatic;
				INFOPLIST_FILE = WSGShareBoardTests/Info.plist;
				IPHONEOS_DEPLOYMENT_TARGET = 13.2;
				LD_RUNPATH_SEARCH_PATHS = (
					"$(inherited)",
					"@executable_path/Frameworks",
					"@loader_path/Frameworks",
				);
				PRODUCT_BUNDLE_IDENTIFIER = com.wsg.demo.WSGShareBoardTests;
				PRODUCT_NAME = "$(TARGET_NAME)";
				TARGETED_DEVICE_FAMILY = "1,2";
				TEST_HOST = "$(BUILT_PRODUCTS_DIR)/WSGShareBoard.app/WSGShareBoard";
			};
			name = Debug;
		};
		54C48E802445A9CB00774943 /* Release */ = {
			isa = XCBuildConfiguration;
			buildSettings = {
				BUNDLE_LOADER = "$(TEST_HOST)";
				CODE_SIGN_STYLE = Automatic;
				INFOPLIST_FILE = WSGShareBoardTests/Info.plist;
				IPHONEOS_DEPLOYMENT_TARGET = 13.2;
				LD_RUNPATH_SEARCH_PATHS = (
					"$(inherited)",
					"@executable_path/Frameworks",
					"@loader_path/Frameworks",
				);
				PRODUCT_BUNDLE_IDENTIFIER = com.wsg.demo.WSGShareBoardTests;
				PRODUCT_NAME = "$(TARGET_NAME)";
				TARGETED_DEVICE_FAMILY = "1,2";
				TEST_HOST = "$(BUILT_PRODUCTS_DIR)/WSGShareBoard.app/WSGShareBoard";
			};
			name = Release;
		};
		54C48E822445A9CB00774943 /* Debug */ = {
			isa = XCBuildConfiguration;
			buildSettings = {
				CODE_SIGN_STYLE = Automatic;
				INFOPLIST_FILE = WSGShareBoardUITests/Info.plist;
				LD_RUNPATH_SEARCH_PATHS = (
					"$(inherited)",
					"@executable_path/Frameworks",
					"@loader_path/Frameworks",
				);
				PRODUCT_BUNDLE_IDENTIFIER = com.wsg.demo.WSGShareBoardUITests;
				PRODUCT_NAME = "$(TARGET_NAME)";
				TARGETED_DEVICE_FAMILY = "1,2";
				TEST_TARGET_NAME = WSGShareBoard;
			};
			name = Debug;
		};
		54C48E832445A9CB00774943 /* Release */ = {
			isa = XCBuildConfiguration;
			buildSettings = {
				CODE_SIGN_STYLE = Automatic;
				INFOPLIST_FILE = WSGShareBoardUITests/Info.plist;
				LD_RUNPATH_SEARCH_PATHS = (
					"$(inherited)",
					"@executable_path/Frameworks",
					"@loader_path/Frameworks",
				);
				PRODUCT_BUNDLE_IDENTIFIER = com.wsg.demo.WSGShareBoardUITests;
				PRODUCT_NAME = "$(TARGET_NAME)";
				TARGETED_DEVICE_FAMILY = "1,2";
				TEST_TARGET_NAME = WSGShareBoard;
			};
			name = Release;
		};
/* End XCBuildConfiguration section */

/* Begin XCConfigurationList section */
		54C48E472445A9C700774943 /* Build configuration list for PBXProject "WSGShareBoard" */ = {
			isa = XCConfigurationList;
			buildConfigurations = (
				54C48E792445A9CB00774943 /* Debug */,
				54C48E7A2445A9CB00774943 /* Release */,
			);
			defaultConfigurationIsVisible = 0;
			defaultConfigurationName = Release;
		};
		54C48E7B2445A9CB00774943 /* Build configuration list for PBXNativeTarget "WSGShareBoard" */ = {
			isa = XCConfigurationList;
			buildConfigurations = (
				54C48E7C2445A9CB00774943 /* Debug */,
				54C48E7D2445A9CB00774943 /* Release */,
			);
			defaultConfigurationIsVisible = 0;
			defaultConfigurationName = Release;
		};
		54C48E7E2445A9CB00774943 /* Build configuration list for PBXNativeTarget "WSGShareBoardTests" */ = {
			isa = XCConfigurationList;
			buildConfigurations = (
				54C48E7F2445A9CB00774943 /* Debug */,
				54C48E802445A9CB00774943 /* Release */,
			);
			defaultConfigurationIsVisible = 0;
			defaultConfigurationName = Release;
		};
		54C48E812445A9CB00774943 /* Build configuration list for PBXNativeTarget "WSGShareBoardUITests" */ = {
			isa = XCConfigurationList;
			buildConfigurations = (
				54C48E822445A9CB00774943 /* Debug */,
				54C48E832445A9CB00774943 /* Release */,
			);
			defaultConfigurationIsVisible = 0;
			defaultConfigurationName = Release;
		};
/* End XCConfigurationList section */
	};
	rootObject = 54C48E442445A9C700774943 /* Project object */;
}
